// !$*UTF8*$!
{
	archiveVersion = 1;
	classes = {
	};
	objectVersion = 46;
	objects = {

/* Begin PBXBuildFile section */
		4C95EC721C8D7A9A00A97326 /* AppDelegate.swift in Sources */ = {isa = PBXBuildFile; fileRef = 4C95EC711C8D7A9A00A97326 /* AppDelegate.swift */; };
		4C95EC741C8D7A9A00A97326 /* ViewController.swift in Sources */ = {isa = PBXBuildFile; fileRef = 4C95EC731C8D7A9A00A97326 /* ViewController.swift */; };
		4C95EC771C8D7A9A00A97326 /* Main.storyboard in Resources */ = {isa = PBXBuildFile; fileRef = 4C95EC751C8D7A9A00A97326 /* Main.storyboard */; };
		4C95EC851C8D7AD300A97326 /* LaunchScreen.xib in Resources */ = {isa = PBXBuildFile; fileRef = 4C95EC831C8D7AD300A97326 /* LaunchScreen.xib */; };
		4C95EC871C8D7AEC00A97326 /* MicWaterFlowLayout.swift in Sources */ = {isa = PBXBuildFile; fileRef = 4C95EC861C8D7AEC00A97326 /* MicWaterFlowLayout.swift */; };
		4C95EC8D1C8D7C9600A97326 /* Images.xcassets in Resources */ = {isa = PBXBuildFile; fileRef = 4C95EC8C1C8D7C9600A97326 /* Images.xcassets */; };
/* End PBXBuildFile section */

/* Begin PBXFileReference section */
		4C95EC6E1C8D7A9A00A97326 /* WaterFlowSample.app */ = {isa = PBXFileReference; explicitFileType = wrapper.application; includeInIndex = 0; path = WaterFlowSample.app; sourceTree = BUILT_PRODUCTS_DIR; };
		4C95EC711C8D7A9A00A97326 /* AppDelegate.swift */ = {isa = PBXFileReference; lastKnownFileType = sourcecode.swift; path = AppDelegate.swift; sourceTree = "<group>"; };
		4C95EC731C8D7A9A00A97326 /* ViewController.swift */ = {isa = PBXFileReference; lastKnownFileType = sourcecode.swift; path = ViewController.swift; sourceTree = "<group>"; };
		4C95EC761C8D7A9A00A97326 /* Base */ = {isa = PBXFileReference; lastKnownFileType = file.storyboard; name = Base; path = Base.lproj/Main.storyboard; sourceTree = "<group>"; };
		4C95EC7D1C8D7A9B00A97326 /* Info.plist */ = {isa = PBXFileReference; lastKnownFileType = text.plist.xml; path = Info.plist; sourceTree = "<group>"; };
		4C95EC841C8D7AD300A97326 /* Base */ = {isa = PBXFileReference; lastKnownFileType = file.xib; name = Base; path = Base.lproj/LaunchScreen.xib; sourceTree = "<group>"; };
		4C95EC861C8D7AEC00A97326 /* MicWaterFlowLayout.swift */ = {isa = PBXFileReference; fileEncoding = 4; lastKnownFileType = sourcecode.swift; path = MicWaterFlowLayout.swift; sourceTree = "<group>"; };
		4C95EC8C1C8D7C9600A97326 /* Images.xcassets */ = {isa = PBXFileReference; lastKnownFileType = folder.assetcatalog; path = Images.xcassets; sourceTree = "<group>"; };
/* End PBXFileReference section */

/* Begin PBXFrameworksBuildPhase section */
		4C95EC6B1C8D7A9A00A97326 /* Frameworks */ = {
			isa = PBXFrameworksBuildPhase;
			buildActionMask = 2147483647;
			files = (
			);
			runOnlyForDeploymentPostprocessing = 0;
		};
/* End PBXFrameworksBuildPhase section */

/* Begin PBXGroup section */
		4C95EC651C8D7A9A00A97326 = {
			isa = PBXGroup;
			children = (
				4C95EC701C8D7A9A00A97326 /* WaterFlowSample */,
				4C95EC6F1C8D7A9A00A97326 /* Products */,
			);
			sourceTree = "<group>";
		};
		4C95EC6F1C8D7A9A00A97326 /* Products */ = {
			isa = PBXGroup;
			children = (
				4C95EC6E1C8D7A9A00A97326 /* WaterFlowSample.app */,
			);
			name = Products;
			sourceTree = "<group>";
		};
		4C95EC701C8D7A9A00A97326 /* WaterFlowSample */ = {
			isa = PBXGroup;
			children = (
				4C95EC711C8D7A9A00A97326 /* AppDelegate.swift */,
				4C95EC861C8D7AEC00A97326 /* MicWaterFlowLayout.swift */,
				4C95EC731C8D7A9A00A97326 /* ViewController.swift */,
				4C95EC751C8D7A9A00A97326 /* Main.storyboard */,
				4C95EC7D1C8D7A9B00A97326 /* Info.plist */,
				4C95EC831C8D7AD300A97326 /* LaunchScreen.xib */,
				4C95EC8C1C8D7C9600A97326 /* Images.xcassets */,
			);
			path = WaterFlowSample;
			sourceTree = "<group>";
		};
/* End PBXGroup section */

/* Begin PBXNativeTarget section */
		4C95EC6D1C8D7A9A00A97326 /* WaterFlowSample */ = {
			isa = PBXNativeTarget;
			buildConfigurationList = 4C95EC801C8D7A9B00A97326 /* Build configuration list for PBXNativeTarget "WaterFlowSample" */;
			buildPhases = (
				4C95EC6A1C8D7A9A00A97326 /* Sources */,
				4C95EC6B1C8D7A9A00A97326 /* Frameworks */,
				4C95EC6C1C8D7A9A00A97326 /* Resources */,
			);
			buildRules = (
			);
			dependencies = (
			);
			name = WaterFlowSample;
			productName = WaterFlowSample;
			productReference = 4C95EC6E1C8D7A9A00A97326 /* WaterFlowSample.app */;
			productType = "com.apple.product-type.application";
		};
/* End PBXNativeTarget section */

/* Begin PBXProject section */
		4C95EC661C8D7A9A00A97326 /* Project object */ = {
			isa = PBXProject;
			attributes = {
				LastSwiftUpdateCheck = 0720;
				LastUpgradeCheck = 0720;
				ORGANIZATIONNAME = Michael;
				TargetAttributes = {
					4C95EC6D1C8D7A9A00A97326 = {
						CreatedOnToolsVersion = 7.2;
						DevelopmentTeam = 9AC24BAB9K;
					};
				};
			};
			buildConfigurationList = 4C95EC691C8D7A9A00A97326 /* Build configuration list for PBXProject "WaterFlowSample" */;
			compatibilityVersion = "Xcode 3.2";
			developmentRegion = English;
			hasScannedForEncodings = 0;
			knownRegions = (
				en,
				Base,
			);
			mainGroup = 4C95EC651C8D7A9A00A97326;
			productRefGroup = 4C95EC6F1C8D7A9A00A97326 /* Products */;
			projectDirPath = "";
			projectRoot = "";
			targets = (
				4C95EC6D1C8D7A9A00A97326 /* WaterFlowSample */,
			);
		};
/* End PBXProject section */

/* Begin PBXResourcesBuildPhase section */
		4C95EC6C1C8D7A9A00A97326 /* Resources */ = {
			isa = PBXResourcesBuildPhase;
			buildActionMask = 2147483647;
			files = (
				4C95EC8D1C8D7C9600A97326 /* Images.xcassets in Resources */,
				4C95EC851C8D7AD300A97326 /* LaunchScreen.xib in Resources */,
				4C95EC771C8D7A9A00A97326 /* Main.storyboard in Resources */,
			);
			runOnlyForDeploymentPostprocessing = 0;
		};
/* End PBXResourcesBuildPhase section */

/* Begin PBXSourcesBuildPhase section */
		4C95EC6A1C8D7A9A00A97326 /* Sources */ = {
			isa = PBXSourcesBuildPhase;
			buildActionMask = 2147483647;
			files = (
				4C95EC871C8D7AEC00A97326 /* MicWaterFlowLayout.swift in Sources */,
				4C95EC741C8D7A9A00A97326 /* ViewController.swift in Sources */,
				4C95EC721C8D7A9A00A97326 /* AppDelegate.swift in Sources */,
			);
			runOnlyForDeploymentPostprocessing = 0;
		};
/* End PBXSourcesBuildPhase section */

/* Begin PBXVariantGroup section */
		4C95EC751C8D7A9A00A97326 /* Main.storyboard */ = {
			isa = PBXVariantGroup;
			children = (
				4C95EC761C8D7A9A00A97326 /* Base */,
			);
			name = Main.storyboard;
			sourceTree = "<group>";
		};
		4C95EC831C8D7AD300A97326 /* LaunchScreen.xib */ = {
			isa = PBXVariantGroup;
			children = (
				4C95EC841C8D7AD300A97326 /* Base */,
			);
			name = LaunchScreen.xib;
			sourceTree = "<group>";
		};
/* End PBXVariantGroup section */

/* Begin XCBuildConfiguration section */
		4C95EC7E1C8D7A9B00A97326 /* Debug */ = {
			isa = XCBuildConfiguration;
			buildSettings = {
				ALWAYS_SEARCH_USER_PATHS = NO;
				CLANG_CXX_LANGUAGE_STANDARD = "gnu++0x";
				CLANG_CXX_LIBRARY = "libc++";
				CLANG_ENABLE_MODULES = YES;
				CLANG_ENABLE_OBJC_ARC = YES;
				CLANG_WARN_BOOL_CONVERSION = YES;
				CLANG_WARN_CONSTANT_CONVERSION = YES;
				CLANG_WARN_DIRECT_OBJC_ISA_USAGE = YES_ERROR;
				CLANG_WARN_EMPTY_BODY = YES;
				CLANG_WARN_ENUM_CONVERSION = YES;
				CLANG_WARN_INT_CONVERSION = YES;
				CLANG_WARN_OBJC_ROOT_CLASS = YES_ERROR;
				CLANG_WARN_UNREACHABLE_CODE = YES;
				CLANG_WARN__DUPLICATE_METHOD_MATCH = YES;
				"CODE_SIGN_IDENTITY[sdk=iphoneos*]" = "iPhone Developer";
				COPY_PHASE_STRIP = NO;
				DEBUG_INFORMATION_FORMAT = dwarf;
				ENABLE_STRICT_OBJC_MSGSEND = YES;
				ENABLE_TESTABILITY = YES;
				GCC_C_LANGUAGE_STANDARD = gnu99;
				GCC_DYNAMIC_NO_PIC = NO;
				GCC_NO_COMMON_BLOCKS = YES;
				GCC_OPTIMIZATION_LEVEL = 0;
				GCC_PREPROCESSOR_DEFINITIONS = (
					"DEBUG=1",
					"$(inherited)",
				);
				GCC_WARN_64_TO_32_BIT_CONVERSION = YES;
				GCC_WARN_ABOUT_RETURN_TYPE = YES_ERROR;
				GCC_WARN_UNDECLARED_SELECTOR = YES;
				GCC_WARN_UNINITIALIZED_AUTOS = YES_AGGRESSIVE;
				GCC_WARN_UNUSED_FUNCTION = YES;
				GCC_WARN_UNUSED_VARIABLE = YES;
				IPHONEOS_DEPLOYMENT_TARGET = 9.2;
				MTL_ENABLE_DEBUG_INFO = YES;
				ONLY_ACTIVE_ARCH = YES;
				SDKROOT = iphoneos;
				SWIFT_OPTIMIZATION_LEVEL = "-Onone";
			};
			name = Debug;
		};
		4C95EC7F1C8D7A9B00A97326 /* Release */ = {
			isa = XCBuildConfiguration;
			buildSettings = {
				ALWAYS_SEARCH_USER_PATHS = NO;
				CLANG_CXX_LANGUAGE_STANDARD = "gnu++0x";
				CLANG_CXX_LIBRARY = "libc++";
				CLANG_ENABLE_MODULES = YES;
				CLANG_ENABLE_OBJC_ARC = YES;
				CLANG_WARN_BOOL_CONVERSION = YES;
				CLANG_WARN_CONSTANT_CONVERSION = YES;
				CLANG_WARN_DIRECT_OBJC_ISA_USAGE = YES_ERROR;
				CLANG_WARN_EMPTY_BODY = YES;
				CLANG_WARN_ENUM_CONVERSION = YES;
				CLANG_WARN_INT_CONVERSION = YES;
				CLANG_WARN_OBJC_ROOT_CLASS = YES_ERROR;
				CLANG_WARN_UNREACHABLE_CODE = YES;
				CLANG_WARN__DUPLICATE_METHOD_MATCH = YES;
				"CODE_SIGN_IDENTITY[sdk=iphoneos*]" = "iPhone Developer";
				COPY_PHASE_STRIP = NO;
				DEBUG_INFORMATION_FORMAT = "dwarf-with-dsym";
				ENABLE_NS_ASSERTIONS = NO;
				ENABLE_STRICT_OBJC_MSGSEND = YES;
				GCC_C_LANGUAGE_STANDARD = gnu99;
				GCC_NO_COMMON_BLOCKS = YES;
				GCC_WARN_64_TO_32_BIT_CONVERSION = YES;
				GCC_WARN_ABOUT_RETURN_TYPE = YES_ERROR;
				GCC_WARN_UNDECLARED_SELECTOR = YES;
				GCC_WARN_UNINITIALIZED_AUTOS = YES_AGGRESSIVE;
				GCC_WARN_UNUSED_FUNCTION = YES;
				GCC_WARN_UNUSED_VARIABLE = YES;
				IPHONEOS_DEPLOYMENT_TARGET = 9.2;
				MTL_ENABLE_DEBUG_INFO = NO;
				SDKROOT = iphoneos;
				VALIDATE_PRODUCT = YES;
			};
			name = Release;
		};
		4C95EC811C8D7A9B00A97326 /* Debug */ = {
			isa = XCBuildConfiguration;
			buildSettings = {
				ASSETCATALOG_COMPILER_APPICON_NAME = AppIcon;
				ASSETCATALOG_COMPILER_LAUNCHIMAGE_NAME = "Brand Assets";
				CODE_SIGN_IDENTITY = "iPhone Developer";
				INFOPLIST_FILE = WaterFlowSample/Info.plist;
				LD_RUNPATH_SEARCH_PATHS = "$(inherited) @executable_path/Frameworks";
				PRODUCT_BUNDLE_IDENTIFIER = learning.WaterFlowSample;
				PRODUCT_NAME = "$(TARGET_NAME)";
			};
			name = Debug;
		};
		4C95EC821C8D7A9B00A97326 /* Release */ = {
			isa = XCBuildConfiguration;
			buildSettings = {
				ASSETCATALOG_COMPILER_APPICON_NAME = AppIcon;
				ASSETCATALOG_COMPILER_LAUNCHIMAGE_NAME = "Brand Assets";
				CODE_SIGN_IDENTITY = "iPhone Developer";
				INFOPLIST_FILE = WaterFlowSample/Info.plist;
				LD_RUNPATH_SEARCH_PATHS = "$(inherited) @executable_path/Frameworks";
				PRODUCT_BUNDLE_IDENTIFIER = learning.WaterFlowSample;
				PRODUCT_NAME = "$(TARGET_NAME)";
			};
			name = Release;
		};
/* End XCBuildConfiguration section */

/* Begin XCConfigurationList section */
		4C95EC691C8D7A9A00A97326 /* Build configuration list for PBXProject "WaterFlowSample" */ = {
			isa = XCConfigurationList;
			buildConfigurations = (
				4C95EC7E1C8D7A9B00A97326 /* Debug */,
				4C95EC7F1C8D7A9B00A97326 /* Release */,
			);
			defaultConfigurationIsVisible = 0;
			defaultConfigurationName = Release;
		};
		4C95EC801C8D7A9B00A97326 /* Build configuration list for PBXNativeTarget "WaterFlowSample" */ = {
			isa = XCConfigurationList;
			buildConfigurations = (
				4C95EC811C8D7A9B00A97326 /* Debug */,
				4C95EC821C8D7A9B00A97326 /* Release */,
			);
			defaultConfigurationIsVisible = 0;
			defaultConfigurationName = Release;
		};
/* End XCConfigurationList section */
	};
	rootObject = 4C95EC661C8D7A9A00A97326 /* Project object */;
}
